{"is_source_file": false, "format": "", "description": "", "external_files": [], "external_methods": [], "published": [], "classes": [], "methods": [], "calls": [], "search-terms": [], "state": 2, "file_id": 30, "knowledge_revision": 166, "git_revision": "", "hash": "deb0a658f49b2c495d2bf3cefb601826", "format-version": 4, "code-base-name": "default", "filename": "recipeease/macos/Runner.xcodeproj/xcshareddata/xcschemes/Runner.xcscheme", "revision_history": [{"166": ""}]}